
Microsoft Visual Studio Solution File, Format Version 12.00
# Visual Studio 15
VisualStudioVersion = 15.0.27130.0
MinimumVisualStudioVersion = 10.0.40219.1
Project("{FAE04EC0-301F-11D3-BF4B-00C04F79EFBC}") = "pt_lab_1", "pt_lab_1\pt_lab_1.csproj", "{8C91F160-ED69-41EE-A17D-3A3D8DC459E2}"
EndProject
Global
	GlobalSection(SolutionConfigurationPlatforms) = preSolution
		Debug|Any CPU = Debug|Any CPU
		Release|Any CPU = Release|Any CPU
	EndGlobalSection
	GlobalSection(ProjectConfigurationPlatforms) = postSolution
		{8C91F160-ED69-41EE-A17D-3A3D8DC459E2}.Debug|Any CPU.ActiveCfg = Debug|Any CPU
		{8C91F160-ED69-41EE-A17D-3A3D8DC459E2}.Debug|Any CPU.Build.0 = Debug|Any CPU
		{8C91F160-ED69-41EE-A17D-3A3D8DC459E2}.Release|Any CPU.ActiveCfg = Release|Any CPU
		{8C91F160-ED69-41EE-A17D-3A3D8DC459E2}.Release|Any CPU.Build.0 = Release|Any CPU
	EndGlobalSection
	GlobalSection(SolutionProperties) = preSolution
		HideSolutionNode = FALSE
	EndGlobalSection
	GlobalSection(ExtensibilityGlobals) = postSolution
		SolutionGuid = {20932751-8E99-4A59-9E47-9E4784A57015}
	EndGlobalSection
EndGlobal
